{
  "name": "scrollable-component",
  "version": "2.0.0-next.0",
  "lockfileVersion": 2,
  "requires": true,
  "packages": {
    "": {
      "name": "scrollable-component",
      "version": "2.0.0-next.0",
      "license": "MIT",
      "devDependencies": {
        "csso": "^5.0.2",
        "html-minifier-terser": "^6.1.0",
        "terser": "^5.10.0"
      }
    },
    "node_modules/buffer-from": {
      "version": "1.1.2",
      "resolved": "https://registry.npmjs.org/buffer-from/-/buffer-from-1.1.2.tgz",
      "integrity": "sha512-E+XQCRwSbaaiChtv6k6Dwgc+bx+Bs6vuKJHHl5kox/BaKbhiXzqQOwK4cO22yElGp2OCmjwVhT3HmxgyPGnJfQ==",
      "dev": true
    },
    "node_modules/camel-case": {
      "version": "4.1.2",
      "resolved": "https://registry.npmjs.org/camel-case/-/camel-case-4.1.2.tgz",
      "integrity": "sha512-gxGWBrTT1JuMx6R+o5PTXMmUnhnVzLQ9SNutD4YqKtI6ap897t3tKECYla6gCWEkplXnlNybEkZg9GEGxKFCgw==",
      "dev": true,
      "dependencies": {
        "pascal-case": "^3.1.2",
        "tslib": "^2.0.3"
      }
    },
    "node_modules/clean-css": {
      "version": "5.2.4",
      "resolved": "https://registry.npmjs.org/clean-css/-/clean-css-5.2.4.tgz",
      "integrity": "sha512-nKseG8wCzEuji/4yrgM/5cthL9oTDc5UOQyFMvW/Q53oP6gLH690o1NbuTh6Y18nujr7BxlsFuS7gXLnLzKJGg==",
      "dev": true,
      "dependencies": {
        "source-map": "~0.6.0"
      },
      "engines": {
        "node": ">= 10.0"
      }
    },
    "node_modules/commander": {
      "version": "8.3.0",
      "resolved": "https://registry.npmjs.org/commander/-/commander-8.3.0.tgz",
      "integrity": "sha512-OkTL9umf+He2DZkUq8f8J9of7yL6RJKI24dVITBmNfZBmri9zYZQrKkuXiKhyfPSu8tUhnVBB1iKXevvnlR4Ww==",
      "dev": true,
      "engines": {
        "node": ">= 12"
      }
    },
    "node_modules/css-tree": {
      "version": "2.0.4",
      "resolved": "https://registry.npmjs.org/css-tree/-/css-tree-2.0.4.tgz",
      "integrity": "sha512-b4IS9ZUMtGBiNjzYbcj9JhYbyei99R3ai2CSxlu8GQDnoPA/P+NU85hAm0eKDc/Zp660rpK6tFJQ2OSdacMHVg==",
      "dev": true,
      "dependencies": {
        "mdn-data": "2.0.23",
        "source-map-js": "^1.0.1"
      },
      "engines": {
        "node": "^10 || ^12.20.0 || ^14.13.0 || >=15.0.0",
        "npm": ">=7.0.0"
      }
    },
    "node_modules/csso": {
      "version": "5.0.2",
      "resolved": "https://registry.npmjs.org/csso/-/csso-5.0.2.tgz",
      "integrity": "sha512-llFAe1UfFHy38ziX+YrPMGkn5MxdjzYtz0drvgnjRY/tLPmBRxotYTGO51BsKe9voQA074pEb0udV+piXH4scQ==",
      "dev": true,
      "dependencies": {
        "css-tree": "~2.0.4"
      },
      "engines": {
        "node": "^10 || ^12.20.0 || ^14.13.0 || >=15.0.0",
        "npm": ">=7.0.0"
      }
    },
    "node_modules/dot-case": {
      "version": "3.0.4",
      "resolved": "https://registry.npmjs.org/dot-case/-/dot-case-3.0.4.tgz",
      "integrity": "sha512-Kv5nKlh6yRrdrGvxeJ2e5y2eRUpkUosIW4A2AS38zwSz27zu7ufDwQPi5Jhs3XAlGNetl3bmnGhQsMtkKJnj3w==",
      "dev": true,
      "dependencies": {
        "no-case": "^3.0.4",
        "tslib": "^2.0.3"
      }
    },
    "node_modules/he": {
      "version": "1.2.0",
      "resolved": "https://registry.npmjs.org/he/-/he-1.2.0.tgz",
      "integrity": "sha512-F/1DnUGPopORZi0ni+CvrCgHQ5FyEAHRLSApuYWMmrbSwoN2Mn/7k+Gl38gJnR7yyDZk6WLXwiGod1JOWNDKGw==",
      "dev": true,
      "bin": {
        "he": "bin/he"
      }
    },
    "node_modules/html-minifier-terser": {
      "version": "6.1.0",
      "resolved": "https://registry.npmjs.org/html-minifier-terser/-/html-minifier-terser-6.1.0.tgz",
      "integrity": "sha512-YXxSlJBZTP7RS3tWnQw74ooKa6L9b9i9QYXY21eUEvhZ3u9XLfv6OnFsQq6RxkhHygsaUMvYsZRV5rU/OVNZxw==",
      "dev": true,
      "dependencies": {
        "camel-case": "^4.1.2",
        "clean-css": "^5.2.2",
        "commander": "^8.3.0",
        "he": "^1.2.0",
        "param-case": "^3.0.4",
        "relateurl": "^0.2.7",
        "terser": "^5.10.0"
      },
      "bin": {
        "html-minifier-terser": "cli.js"
      },
      "engines": {
        "node": ">=12"
      }
    },
    "node_modules/lower-case": {
      "version": "2.0.2",
      "resolved": "https://registry.npmjs.org/lower-case/-/lower-case-2.0.2.tgz",
      "integrity": "sha512-7fm3l3NAF9WfN6W3JOmf5drwpVqX78JtoGJ3A6W0a6ZnldM41w2fV5D490psKFTpMds8TJse/eHLFFsNHHjHgg==",
      "dev": true,
      "dependencies": {
        "tslib": "^2.0.3"
      }
    },
    "node_modules/mdn-data": {
      "version": "2.0.23",
      "resolved": "https://registry.npmjs.org/mdn-data/-/mdn-data-2.0.23.tgz",
      "integrity": "sha512-IonVb7pfla2U4zW8rc7XGrtgq11BvYeCxWN8HS+KFBnLDE7XDK9AAMVhRuG6fj9BBsjc69Fqsp6WEActEdNTDQ==",
      "dev": true
    },
    "node_modules/no-case": {
      "version": "3.0.4",
      "resolved": "https://registry.npmjs.org/no-case/-/no-case-3.0.4.tgz",
      "integrity": "sha512-fgAN3jGAh+RoxUGZHTSOLJIqUc2wmoBwGR4tbpNAKmmovFoWq0OdRkb0VkldReO2a2iBT/OEulG9XSUc10r3zg==",
      "dev": true,
      "dependencies": {
        "lower-case": "^2.0.2",
        "tslib": "^2.0.3"
      }
    },
    "node_modules/param-case": {
      "version": "3.0.4",
      "resolved": "https://registry.npmjs.org/param-case/-/param-case-3.0.4.tgz",
      "integrity": "sha512-RXlj7zCYokReqWpOPH9oYivUzLYZ5vAPIfEmCTNViosC78F8F0H9y7T7gG2M39ymgutxF5gcFEsyZQSph9Bp3A==",
      "dev": true,
      "dependencies": {
        "dot-case": "^3.0.4",
        "tslib": "^2.0.3"
      }
    },
    "node_modules/pascal-case": {
      "version": "3.1.2",
      "resolved": "https://registry.npmjs.org/pascal-case/-/pascal-case-3.1.2.tgz",
      "integrity": "sha512-uWlGT3YSnK9x3BQJaOdcZwrnV6hPpd8jFH1/ucpiLRPh/2zCVJKS19E4GvYHvaCcACn3foXZ0cLB9Wrx1KGe5g==",
      "dev": true,
      "dependencies": {
        "no-case": "^3.0.4",
        "tslib": "^2.0.3"
      }
    },
    "node_modules/relateurl": {
      "version": "0.2.7",
      "resolved": "https://registry.npmjs.org/relateurl/-/relateurl-0.2.7.tgz",
      "integrity": "sha1-VNvzd+UUQKypCkzSdGANP/LYiKk=",
      "dev": true,
      "engines": {
        "node": ">= 0.10"
      }
    },
    "node_modules/source-map": {
      "version": "0.6.1",
      "resolved": "https://registry.npmjs.org/source-map/-/source-map-0.6.1.tgz",
      "integrity": "sha512-UjgapumWlbMhkBgzT7Ykc5YXUT46F0iKu8SGXq0bcwP5dz/h0Plj6enJqjz1Zbq2l5WaqYnrVbwWOWMyF3F47g==",
      "dev": true,
      "engines": {
        "node": ">=0.10.0"
      }
    },
    "node_modules/source-map-js": {
      "version": "1.0.2",
      "resolved": "https://registry.npmjs.org/source-map-js/-/source-map-js-1.0.2.tgz",
      "integrity": "sha512-R0XvVJ9WusLiqTCEiGCmICCMplcCkIwwR11mOSD9CR5u+IXYdiseeEuXCVAjS54zqwkLcPNnmU4OeJ6tUrWhDw==",
      "dev": true,
      "engines": {
        "node": ">=0.10.0"
      }
    },
    "node_modules/source-map-support": {
      "version": "0.5.21",
      "resolved": "https://registry.npmjs.org/source-map-support/-/source-map-support-0.5.21.tgz",
      "integrity": "sha512-uBHU3L3czsIyYXKX88fdrGovxdSCoTGDRZ6SYXtSRxLZUzHg5P/66Ht6uoUlHu9EZod+inXhKo3qQgwXUT/y1w==",
      "dev": true,
      "dependencies": {
        "buffer-from": "^1.0.0",
        "source-map": "^0.6.0"
      }
    },
    "node_modules/terser": {
      "version": "5.10.0",
      "resolved": "https://registry.npmjs.org/terser/-/terser-5.10.0.tgz",
      "integrity": "sha512-AMmF99DMfEDiRJfxfY5jj5wNH/bYO09cniSqhfoyxc8sFoYIgkJy86G04UoZU5VjlpnplVu0K6Tx6E9b5+DlHA==",
      "dev": true,
      "dependencies": {
        "commander": "^2.20.0",
        "source-map": "~0.7.2",
        "source-map-support": "~0.5.20"
      },
      "bin": {
        "terser": "bin/terser"
      },
      "engines": {
        "node": ">=10"
      },
      "peerDependencies": {
        "acorn": "^8.5.0"
      },
      "peerDependenciesMeta": {
        "acorn": {
          "optional": true
        }
      }
    },
    "node_modules/terser/node_modules/commander": {
      "version": "2.20.3",
      "resolved": "https://registry.npmjs.org/commander/-/commander-2.20.3.tgz",
      "integrity": "sha512-GpVkmM8vF2vQUkj2LvZmD35JxeJOLCwJ9cUkugyk2nuhbv3+mJvpLYYt+0+USMxE+oj+ey/lJEnhZw75x/OMcQ==",
      "dev": true
    },
    "node_modules/terser/node_modules/source-map": {
      "version": "0.7.3",
      "resolved": "https://registry.npmjs.org/source-map/-/source-map-0.7.3.tgz",
      "integrity": "sha512-CkCj6giN3S+n9qrYiBTX5gystlENnRW5jZeNLHpe6aue+SrHcG5VYwujhW9s4dY31mEGsxBDrHR6oI69fTXsaQ==",
      "dev": true,
      "engines": {
        "node": ">= 8"
      }
    },
    "node_modules/tslib": {
      "version": "2.3.1",
      "resolved": "https://registry.npmjs.org/tslib/-/tslib-2.3.1.tgz",
      "integrity": "sha512-77EbyPPpMz+FRFRuAFlWMtmgUWGe9UOG2Z25NqCwiIjRhOf5iKGuzSe5P2w1laq+FkRy4p+PCuVkJSGkzTEKVw==",
      "dev": true
    }
  },
  "dependencies": {
    "buffer-from": {
      "version": "1.1.2",
      "resolved": "https://registry.npmjs.org/buffer-from/-/buffer-from-1.1.2.tgz",
      "integrity": "sha512-E+XQCRwSbaaiChtv6k6Dwgc+bx+Bs6vuKJHHl5kox/BaKbhiXzqQOwK4cO22yElGp2OCmjwVhT3HmxgyPGnJfQ==",
      "dev": true
    },
    "camel-case": {
      "version": "4.1.2",
      "resolved": "https://registry.npmjs.org/camel-case/-/camel-case-4.1.2.tgz",
      "integrity": "sha512-gxGWBrTT1JuMx6R+o5PTXMmUnhnVzLQ9SNutD4YqKtI6ap897t3tKECYla6gCWEkplXnlNybEkZg9GEGxKFCgw==",
      "dev": true,
      "requires": {
        "pascal-case": "^3.1.2",
        "tslib": "^2.0.3"
      }
    },
    "clean-css": {
      "version": "5.2.4",
      "resolved": "https://registry.npmjs.org/clean-css/-/clean-css-5.2.4.tgz",
      "integrity": "sha512-nKseG8wCzEuji/4yrgM/5cthL9oTDc5UOQyFMvW/Q53oP6gLH690o1NbuTh6Y18nujr7BxlsFuS7gXLnLzKJGg==",
      "dev": true,
      "requires": {
        "source-map": "~0.6.0"
      }
    },
    "commander": {
      "version": "8.3.0",
      "resolved": "https://registry.npmjs.org/commander/-/commander-8.3.0.tgz",
      "integrity": "sha512-OkTL9umf+He2DZkUq8f8J9of7yL6RJKI24dVITBmNfZBmri9zYZQrKkuXiKhyfPSu8tUhnVBB1iKXevvnlR4Ww==",
      "dev": true
    },
    "css-tree": {
      "version": "2.0.4",
      "resolved": "https://registry.npmjs.org/css-tree/-/css-tree-2.0.4.tgz",
      "integrity": "sha512-b4IS9ZUMtGBiNjzYbcj9JhYbyei99R3ai2CSxlu8GQDnoPA/P+NU85hAm0eKDc/Zp660rpK6tFJQ2OSdacMHVg==",
      "dev": true,
      "requires": {
        "mdn-data": "2.0.23",
        "source-map-js": "^1.0.1"
      }
    },
    "csso": {
      "version": "5.0.2",
      "resolved": "https://registry.npmjs.org/csso/-/csso-5.0.2.tgz",
      "integrity": "sha512-llFAe1UfFHy38ziX+YrPMGkn5MxdjzYtz0drvgnjRY/tLPmBRxotYTGO51BsKe9voQA074pEb0udV+piXH4scQ==",
      "dev": true,
      "requires": {
        "css-tree": "~2.0.4"
      }
    },
    "dot-case": {
      "version": "3.0.4",
      "resolved": "https://registry.npmjs.org/dot-case/-/dot-case-3.0.4.tgz",
      "integrity": "sha512-Kv5nKlh6yRrdrGvxeJ2e5y2eRUpkUosIW4A2AS38zwSz27zu7ufDwQPi5Jhs3XAlGNetl3bmnGhQsMtkKJnj3w==",
      "dev": true,
      "requires": {
        "no-case": "^3.0.4",
        "tslib": "^2.0.3"
      }
    },
    "he": {
      "version": "1.2.0",
      "resolved": "https://registry.npmjs.org/he/-/he-1.2.0.tgz",
      "integrity": "sha512-F/1DnUGPopORZi0ni+CvrCgHQ5FyEAHRLSApuYWMmrbSwoN2Mn/7k+Gl38gJnR7yyDZk6WLXwiGod1JOWNDKGw==",
      "dev": true
    },
    "html-minifier-terser": {
      "version": "6.1.0",
      "resolved": "https://registry.npmjs.org/html-minifier-terser/-/html-minifier-terser-6.1.0.tgz",
      "integrity": "sha512-YXxSlJBZTP7RS3tWnQw74ooKa6L9b9i9QYXY21eUEvhZ3u9XLfv6OnFsQq6RxkhHygsaUMvYsZRV5rU/OVNZxw==",
      "dev": true,
      "requires": {
        "camel-case": "^4.1.2",
        "clean-css": "^5.2.2",
        "commander": "^8.3.0",
        "he": "^1.2.0",
        "param-case": "^3.0.4",
        "relateurl": "^0.2.7",
        "terser": "^5.10.0"
      }
    },
    "lower-case": {
      "version": "2.0.2",
      "resolved": "https://registry.npmjs.org/lower-case/-/lower-case-2.0.2.tgz",
      "integrity": "sha512-7fm3l3NAF9WfN6W3JOmf5drwpVqX78JtoGJ3A6W0a6ZnldM41w2fV5D490psKFTpMds8TJse/eHLFFsNHHjHgg==",
      "dev": true,
      "requires": {
        "tslib": "^2.0.3"
      }
    },
    "mdn-data": {
      "version": "2.0.23",
      "resolved": "https://registry.npmjs.org/mdn-data/-/mdn-data-2.0.23.tgz",
      "integrity": "sha512-IonVb7pfla2U4zW8rc7XGrtgq11BvYeCxWN8HS+KFBnLDE7XDK9AAMVhRuG6fj9BBsjc69Fqsp6WEActEdNTDQ==",
      "dev": true
    },
    "no-case": {
      "version": "3.0.4",
      "resolved": "https://registry.npmjs.org/no-case/-/no-case-3.0.4.tgz",
      "integrity": "sha512-fgAN3jGAh+RoxUGZHTSOLJIqUc2wmoBwGR4tbpNAKmmovFoWq0OdRkb0VkldReO2a2iBT/OEulG9XSUc10r3zg==",
      "dev": true,
      "requires": {
        "lower-case": "^2.0.2",
        "tslib": "^2.0.3"
      }
    },
    "param-case": {
      "version": "3.0.4",
      "resolved": "https://registry.npmjs.org/param-case/-/param-case-3.0.4.tgz",
      "integrity": "sha512-RXlj7zCYokReqWpOPH9oYivUzLYZ5vAPIfEmCTNViosC78F8F0H9y7T7gG2M39ymgutxF5gcFEsyZQSph9Bp3A==",
      "dev": true,
      "requires": {
        "dot-case": "^3.0.4",
        "tslib": "^2.0.3"
      }
    },
    "pascal-case": {
      "version": "3.1.2",
      "resolved": "https://registry.npmjs.org/pascal-case/-/pascal-case-3.1.2.tgz",
      "integrity": "sha512-uWlGT3YSnK9x3BQJaOdcZwrnV6hPpd8jFH1/ucpiLRPh/2zCVJKS19E4GvYHvaCcACn3foXZ0cLB9Wrx1KGe5g==",
      "dev": true,
      "requires": {
        "no-case": "^3.0.4",
        "tslib": "^2.0.3"
      }
    },
    "relateurl": {
      "version": "0.2.7",
      "resolved": "https://registry.npmjs.org/relateurl/-/relateurl-0.2.7.tgz",
      "integrity": "sha1-VNvzd+UUQKypCkzSdGANP/LYiKk=",
      "dev": true
    },
    "source-map": {
      "version": "0.6.1",
      "resolved": "https://registry.npmjs.org/source-map/-/source-map-0.6.1.tgz",
      "integrity": "sha512-UjgapumWlbMhkBgzT7Ykc5YXUT46F0iKu8SGXq0bcwP5dz/h0Plj6enJqjz1Zbq2l5WaqYnrVbwWOWMyF3F47g==",
      "dev": true
    },
    "source-map-js": {
      "version": "1.0.2",
      "resolved": "https://registry.npmjs.org/source-map-js/-/source-map-js-1.0.2.tgz",
      "integrity": "sha512-R0XvVJ9WusLiqTCEiGCmICCMplcCkIwwR11mOSD9CR5u+IXYdiseeEuXCVAjS54zqwkLcPNnmU4OeJ6tUrWhDw==",
      "dev": true
    },
    "source-map-support": {
      "version": "0.5.21",
      "resolved": "https://registry.npmjs.org/source-map-support/-/source-map-support-0.5.21.tgz",
      "integrity": "sha512-uBHU3L3czsIyYXKX88fdrGovxdSCoTGDRZ6SYXtSRxLZUzHg5P/66Ht6uoUlHu9EZod+inXhKo3qQgwXUT/y1w==",
      "dev": true,
      "requires": {
        "buffer-from": "^1.0.0",
        "source-map": "^0.6.0"
      }
    },
    "terser": {
      "version": "5.10.0",
      "resolved": "https://registry.npmjs.org/terser/-/terser-5.10.0.tgz",
      "integrity": "sha512-AMmF99DMfEDiRJfxfY5jj5wNH/bYO09cniSqhfoyxc8sFoYIgkJy86G04UoZU5VjlpnplVu0K6Tx6E9b5+DlHA==",
      "dev": true,
      "requires": {
        "commander": "^2.20.0",
        "source-map": "~0.7.2",
        "source-map-support": "~0.5.20"
      },
      "dependencies": {
        "commander": {
          "version": "2.20.3",
          "resolved": "https://registry.npmjs.org/commander/-/commander-2.20.3.tgz",
          "integrity": "sha512-GpVkmM8vF2vQUkj2LvZmD35JxeJOLCwJ9cUkugyk2nuhbv3+mJvpLYYt+0+USMxE+oj+ey/lJEnhZw75x/OMcQ==",
          "dev": true
        },
        "source-map": {
          "version": "0.7.3",
          "resolved": "https://registry.npmjs.org/source-map/-/source-map-0.7.3.tgz",
          "integrity": "sha512-CkCj6giN3S+n9qrYiBTX5gystlENnRW5jZeNLHpe6aue+SrHcG5VYwujhW9s4dY31mEGsxBDrHR6oI69fTXsaQ==",
          "dev": true
        }
      }
    },
    "tslib": {
      "version": "2.3.1",
      "resolved": "https://registry.npmjs.org/tslib/-/tslib-2.3.1.tgz",
      "integrity": "sha512-77EbyPPpMz+FRFRuAFlWMtmgUWGe9UOG2Z25NqCwiIjRhOf5iKGuzSe5P2w1laq+FkRy4p+PCuVkJSGkzTEKVw==",
      "dev": true
    }
  }
}
